// !$*UTF8*$!
{
	archiveVersion = 1;
	classes = {
	};
	objectVersion = 55;
	objects = {

/* Begin PBXBuildFile section */
		C635B0AA26789DA9001EEA82 /* PreferencesView.swift in Sources */ = {isa = PBXBuildFile; fileRef = C635B0A926789DA9001EEA82 /* PreferencesView.swift */; };
		C635B0AC26789F5F001EEA82 /* SeedProgram.swift in Sources */ = {isa = PBXBuildFile; fileRef = C635B0AB26789F5F001EEA82 /* SeedProgram.swift */; };
		C635B0AE2678AC9F001EEA82 /* AppDelegate.swift in Sources */ = {isa = PBXBuildFile; fileRef = C635B0AD2678AC9F001EEA82 /* AppDelegate.swift */; };
		C635B0DA2678E9C4001EEA82 /* Prefs.swift in Sources */ = {isa = PBXBuildFile; fileRef = C635B0D92678E9C4001EEA82 /* Prefs.swift */; };
		C63643622670E1B800301DC8 /* FetchInstallerPkgApp.swift in Sources */ = {isa = PBXBuildFile; fileRef = C63643612670E1B800301DC8 /* FetchInstallerPkgApp.swift */; };
		C63643642670E1B800301DC8 /* ContentView.swift in Sources */ = {isa = PBXBuildFile; fileRef = C63643632670E1B800301DC8 /* ContentView.swift */; };
		C63643662670E1B900301DC8 /* Assets.xcassets in Resources */ = {isa = PBXBuildFile; fileRef = C63643652670E1B900301DC8 /* Assets.xcassets */; };
		C63643692670E1B900301DC8 /* Preview Assets.xcassets in Resources */ = {isa = PBXBuildFile; fileRef = C63643682670E1B900301DC8 /* Preview Assets.xcassets */; };
		C63643702670E1F700301DC8 /* SUCatalog.swift in Sources */ = {isa = PBXBuildFile; fileRef = C636436F2670E1F700301DC8 /* SUCatalog.swift */; };
		C69C80CC267787DE00E20E20 /* DownloadManager.swift in Sources */ = {isa = PBXBuildFile; fileRef = C69C80CB267787DE00E20E20 /* DownloadManager.swift */; };
		C69C80CE26788B1400E20E20 /* Product.swift in Sources */ = {isa = PBXBuildFile; fileRef = C69C80CD26788B1400E20E20 /* Product.swift */; };
		C69C80D026788B6B00E20E20 /* DistParserDelegate.swift in Sources */ = {isa = PBXBuildFile; fileRef = C69C80CF26788B6B00E20E20 /* DistParserDelegate.swift */; };
		C69C80D226788B8D00E20E20 /* Catalog.swift in Sources */ = {isa = PBXBuildFile; fileRef = C69C80D126788B8D00E20E20 /* Catalog.swift */; };
		C69C80D426788BA100E20E20 /* Package.swift in Sources */ = {isa = PBXBuildFile; fileRef = C69C80D326788BA100E20E20 /* Package.swift */; };
		C69C80D626788BB600E20E20 /* MetaInfo.swift in Sources */ = {isa = PBXBuildFile; fileRef = C69C80D526788BB600E20E20 /* MetaInfo.swift */; };
		C69C80D826788BC900E20E20 /* BuildManifest.swift in Sources */ = {isa = PBXBuildFile; fileRef = C69C80D726788BC900E20E20 /* BuildManifest.swift */; };
		C69C80DB26788C4F00E20E20 /* DownloadView.swift in Sources */ = {isa = PBXBuildFile; fileRef = C69C80DA26788C4F00E20E20 /* DownloadView.swift */; };
		C69C80DD26788C7900E20E20 /* InstallerView.swift in Sources */ = {isa = PBXBuildFile; fileRef = C69C80DC26788C7900E20E20 /* InstallerView.swift */; };
		C6E3CB99267A2AFB007084F6 /* IconView.swift in Sources */ = {isa = PBXBuildFile; fileRef = C6E3CB98267A2AFB007084F6 /* IconView.swift */; };
/* End PBXBuildFile section */

/* Begin PBXFileReference section */
		C635B0A926789DA9001EEA82 /* PreferencesView.swift */ = {isa = PBXFileReference; lastKnownFileType = sourcecode.swift; path = PreferencesView.swift; sourceTree = "<group>"; };
		C635B0AB26789F5F001EEA82 /* SeedProgram.swift */ = {isa = PBXFileReference; lastKnownFileType = sourcecode.swift; path = SeedProgram.swift; sourceTree = "<group>"; };
		C635B0AD2678AC9F001EEA82 /* AppDelegate.swift */ = {isa = PBXFileReference; lastKnownFileType = sourcecode.swift; path = AppDelegate.swift; sourceTree = "<group>"; };
		C635B0D92678E9C4001EEA82 /* Prefs.swift */ = {isa = PBXFileReference; lastKnownFileType = sourcecode.swift; path = Prefs.swift; sourceTree = "<group>"; };
		C636435E2670E1B800301DC8 /* Download Full Installer.app */ = {isa = PBXFileReference; explicitFileType = wrapper.application; includeInIndex = 0; path = "Download Full Installer.app"; sourceTree = BUILT_PRODUCTS_DIR; };
		C63643612670E1B800301DC8 /* FetchInstallerPkgApp.swift */ = {isa = PBXFileReference; lastKnownFileType = sourcecode.swift; path = FetchInstallerPkgApp.swift; sourceTree = "<group>"; };
		C63643632670E1B800301DC8 /* ContentView.swift */ = {isa = PBXFileReference; lastKnownFileType = sourcecode.swift; path = ContentView.swift; sourceTree = "<group>"; };
		C63643652670E1B900301DC8 /* Assets.xcassets */ = {isa = PBXFileReference; lastKnownFileType = folder.assetcatalog; path = Assets.xcassets; sourceTree = "<group>"; };
		C63643682670E1B900301DC8 /* Preview Assets.xcassets */ = {isa = PBXFileReference; lastKnownFileType = folder.assetcatalog; path = "Preview Assets.xcassets"; sourceTree = "<group>"; };
		C636436F2670E1F700301DC8 /* SUCatalog.swift */ = {isa = PBXFileReference; lastKnownFileType = sourcecode.swift; path = SUCatalog.swift; sourceTree = "<group>"; };
		C63643712670E82000301DC8 /* FetchInstallerPkg.entitlements */ = {isa = PBXFileReference; lastKnownFileType = text.plist.entitlements; path = FetchInstallerPkg.entitlements; sourceTree = "<group>"; };
		C69C80CB267787DE00E20E20 /* DownloadManager.swift */ = {isa = PBXFileReference; lastKnownFileType = sourcecode.swift; path = DownloadManager.swift; sourceTree = "<group>"; };
		C69C80CD26788B1400E20E20 /* Product.swift */ = {isa = PBXFileReference; lastKnownFileType = sourcecode.swift; path = Product.swift; sourceTree = "<group>"; };
		C69C80CF26788B6B00E20E20 /* DistParserDelegate.swift */ = {isa = PBXFileReference; lastKnownFileType = sourcecode.swift; path = DistParserDelegate.swift; sourceTree = "<group>"; };
		C69C80D126788B8D00E20E20 /* Catalog.swift */ = {isa = PBXFileReference; lastKnownFileType = sourcecode.swift; path = Catalog.swift; sourceTree = "<group>"; };
		C69C80D326788BA100E20E20 /* Package.swift */ = {isa = PBXFileReference; lastKnownFileType = sourcecode.swift; path = Package.swift; sourceTree = "<group>"; };
		C69C80D526788BB600E20E20 /* MetaInfo.swift */ = {isa = PBXFileReference; lastKnownFileType = sourcecode.swift; path = MetaInfo.swift; sourceTree = "<group>"; };
		C69C80D726788BC900E20E20 /* BuildManifest.swift */ = {isa = PBXFileReference; lastKnownFileType = sourcecode.swift; path = BuildManifest.swift; sourceTree = "<group>"; };
		C69C80DA26788C4F00E20E20 /* DownloadView.swift */ = {isa = PBXFileReference; lastKnownFileType = sourcecode.swift; path = DownloadView.swift; sourceTree = "<group>"; };
		C69C80DC26788C7900E20E20 /* InstallerView.swift */ = {isa = PBXFileReference; lastKnownFileType = sourcecode.swift; path = InstallerView.swift; sourceTree = "<group>"; };
		C6B969B92681D3BE005717F1 /* Download-Full-Installer-Info.plist */ = {isa = PBXFileReference; lastKnownFileType = text.plist; path = "Download-Full-Installer-Info.plist"; sourceTree = "<group>"; };
		C6E3CB98267A2AFB007084F6 /* IconView.swift */ = {isa = PBXFileReference; lastKnownFileType = sourcecode.swift; path = IconView.swift; sourceTree = "<group>"; };
/* End PBXFileReference section */

/* Begin PBXFrameworksBuildPhase section */
		C636435B2670E1B800301DC8 /* Frameworks */ = {
			isa = PBXFrameworksBuildPhase;
			buildActionMask = 2147483647;
			files = (
			);
			runOnlyForDeploymentPostprocessing = 0;
		};
/* End PBXFrameworksBuildPhase section */

/* Begin PBXGroup section */
		C63643552670E1B800301DC8 = {
			isa = PBXGroup;
			children = (
				C6B969B92681D3BE005717F1 /* Download-Full-Installer-Info.plist */,
				C63643602670E1B800301DC8 /* FetchInstallerPkg */,
				C636435F2670E1B800301DC8 /* Products */,
			);
			sourceTree = "<group>";
		};
		C636435F2670E1B800301DC8 /* Products */ = {
			isa = PBXGroup;
			children = (
				C636435E2670E1B800301DC8 /* Download Full Installer.app */,
			);
			name = Products;
			sourceTree = "<group>";
		};
		C63643602670E1B800301DC8 /* FetchInstallerPkg */ = {
			isa = PBXGroup;
			children = (
				C63643712670E82000301DC8 /* FetchInstallerPkg.entitlements */,
				C63643612670E1B800301DC8 /* FetchInstallerPkgApp.swift */,
				C635B0AD2678AC9F001EEA82 /* AppDelegate.swift */,
				C635B0D92678E9C4001EEA82 /* Prefs.swift */,
				C69C80CB267787DE00E20E20 /* DownloadManager.swift */,
				C69C80D926788BD700E20E20 /* Model */,
				C69C80DE26788C9400E20E20 /* View */,
				C63643652670E1B900301DC8 /* Assets.xcassets */,
				C63643672670E1B900301DC8 /* Preview Content */,
			);
			path = FetchInstallerPkg;
			sourceTree = "<group>";
		};
		C63643672670E1B900301DC8 /* Preview Content */ = {
			isa = PBXGroup;
			children = (
				C63643682670E1B900301DC8 /* Preview Assets.xcassets */,
			);
			path = "Preview Content";
			sourceTree = "<group>";
		};
		C69C80D926788BD700E20E20 /* Model */ = {
			isa = PBXGroup;
			children = (
				C636436F2670E1F700301DC8 /* SUCatalog.swift */,
				C69C80D126788B8D00E20E20 /* Catalog.swift */,
				C69C80CD26788B1400E20E20 /* Product.swift */,
				C69C80D726788BC900E20E20 /* BuildManifest.swift */,
				C69C80D526788BB600E20E20 /* MetaInfo.swift */,
				C69C80D326788BA100E20E20 /* Package.swift */,
				C69C80CF26788B6B00E20E20 /* DistParserDelegate.swift */,
				C635B0AB26789F5F001EEA82 /* SeedProgram.swift */,
			);
			path = Model;
			sourceTree = "<group>";
		};
		C69C80DE26788C9400E20E20 /* View */ = {
			isa = PBXGroup;
			children = (
				C63643632670E1B800301DC8 /* ContentView.swift */,
				C69C80DC26788C7900E20E20 /* InstallerView.swift */,
				C69C80DA26788C4F00E20E20 /* DownloadView.swift */,
				C635B0A926789DA9001EEA82 /* PreferencesView.swift */,
				C6E3CB98267A2AFB007084F6 /* IconView.swift */,
			);
			path = View;
			sourceTree = "<group>";
		};
/* End PBXGroup section */

/* Begin PBXNativeTarget section */
		C636435D2670E1B800301DC8 /* Download Full Installer */ = {
			isa = PBXNativeTarget;
			buildConfigurationList = C636436C2670E1B900301DC8 /* Build configuration list for PBXNativeTarget "Download Full Installer" */;
			buildPhases = (
				C636435A2670E1B800301DC8 /* Sources */,
				C636435B2670E1B800301DC8 /* Frameworks */,
				C636435C2670E1B800301DC8 /* Resources */,
				C6B969B82681D0A0005717F1 /* Update Build Version */,
			);
			buildRules = (
			);
			dependencies = (
			);
			name = "Download Full Installer";
			productName = FetchInstallerPkg;
			productReference = C636435E2670E1B800301DC8 /* Download Full Installer.app */;
			productType = "com.apple.product-type.application";
		};
/* End PBXNativeTarget section */

/* Begin PBXProject section */
		C63643562670E1B800301DC8 /* Project object */ = {
			isa = PBXProject;
			attributes = {
				BuildIndependentTargetsInParallel = 1;
				LastSwiftUpdateCheck = 1300;
				LastUpgradeCheck = 1300;
				TargetAttributes = {
					C636435D2670E1B800301DC8 = {
						CreatedOnToolsVersion = 13.0;
					};
				};
			};
			buildConfigurationList = C63643592670E1B800301DC8 /* Build configuration list for PBXProject "FetchInstallerPkg" */;
			compatibilityVersion = "Xcode 13.0";
			developmentRegion = en;
			hasScannedForEncodings = 0;
			knownRegions = (
				en,
				Base,
			);
			mainGroup = C63643552670E1B800301DC8;
			productRefGroup = C636435F2670E1B800301DC8 /* Products */;
			projectDirPath = "";
			projectRoot = "";
			targets = (
				C636435D2670E1B800301DC8 /* Download Full Installer */,
			);
		};
/* End PBXProject section */

/* Begin PBXResourcesBuildPhase section */
		C636435C2670E1B800301DC8 /* Resources */ = {
			isa = PBXResourcesBuildPhase;
			buildActionMask = 2147483647;
			files = (
				C63643692670E1B900301DC8 /* Preview Assets.xcassets in Resources */,
				C63643662670E1B900301DC8 /* Assets.xcassets in Resources */,
			);
			runOnlyForDeploymentPostprocessing = 0;
		};
/* End PBXResourcesBuildPhase section */

/* Begin PBXShellScriptBuildPhase section */
		C6B969B82681D0A0005717F1 /* Update Build Version */ = {
			isa = PBXShellScriptBuildPhase;
			buildActionMask = 12;
			files = (
			);
			inputFileListPaths = (
			);
			inputPaths = (
			);
			name = "Update Build Version";
			outputFileListPaths = (
			);
			outputPaths = (
			);
			runOnlyForDeploymentPostprocessing = 0;
			shellPath = /bin/sh;
			shellScript = "currentversion=$(xcrun agvtool what-version -terse)\ncommitcount=$(git rev-list --count HEAD)\nif [ $commitcount -ne $currentversion ]; then\n    echo \"setting new build version: $commitcount\"\n    xcrun agvtool new-version $commitcount\nfi\n";
			showEnvVarsInLog = 0;
		};
/* End PBXShellScriptBuildPhase section */

/* Begin PBXSourcesBuildPhase section */
		C636435A2670E1B800301DC8 /* Sources */ = {
			isa = PBXSourcesBuildPhase;
			buildActionMask = 2147483647;
			files = (
				C69C80D626788BB600E20E20 /* MetaInfo.swift in Sources */,
				C63643702670E1F700301DC8 /* SUCatalog.swift in Sources */,
				C63643642670E1B800301DC8 /* ContentView.swift in Sources */,
				C635B0AE2678AC9F001EEA82 /* AppDelegate.swift in Sources */,
				C635B0AA26789DA9001EEA82 /* PreferencesView.swift in Sources */,
				C69C80DD26788C7900E20E20 /* InstallerView.swift in Sources */,
				C635B0DA2678E9C4001EEA82 /* Prefs.swift in Sources */,
				C69C80CE26788B1400E20E20 /* Product.swift in Sources */,
				C63643622670E1B800301DC8 /* FetchInstallerPkgApp.swift in Sources */,
				C635B0AC26789F5F001EEA82 /* SeedProgram.swift in Sources */,
				C69C80D826788BC900E20E20 /* BuildManifest.swift in Sources */,
				C69C80DB26788C4F00E20E20 /* DownloadView.swift in Sources */,
				C6E3CB99267A2AFB007084F6 /* IconView.swift in Sources */,
				C69C80D426788BA100E20E20 /* Package.swift in Sources */,
				C69C80D226788B8D00E20E20 /* Catalog.swift in Sources */,
				C69C80CC267787DE00E20E20 /* DownloadManager.swift in Sources */,
				C69C80D026788B6B00E20E20 /* DistParserDelegate.swift in Sources */,
			);
			runOnlyForDeploymentPostprocessing = 0;
		};
/* End PBXSourcesBuildPhase section */

/* Begin XCBuildConfiguration section */
		C636436A2670E1B900301DC8 /* Debug */ = {
			isa = XCBuildConfiguration;
			buildSettings = {
				ALWAYS_SEARCH_USER_PATHS = NO;
				CLANG_ANALYZER_NONNULL = YES;
				CLANG_ANALYZER_NUMBER_OBJECT_CONVERSION = YES_AGGRESSIVE;
				CLANG_CXX_LANGUAGE_STANDARD = "gnu++14";
				CLANG_CXX_LIBRARY = "libc++";
				CLANG_ENABLE_MODULES = YES;
				CLANG_ENABLE_OBJC_ARC = YES;
				CLANG_ENABLE_OBJC_WEAK = YES;
				CLANG_WARN_BLOCK_CAPTURE_AUTORELEASING = YES;
				CLANG_WARN_BOOL_CONVERSION = YES;
				CLANG_WARN_COMMA = YES;
				CLANG_WARN_CONSTANT_CONVERSION = YES;
				CLANG_WARN_DEPRECATED_OBJC_IMPLEMENTATIONS = YES;
				CLANG_WARN_DIRECT_OBJC_ISA_USAGE = YES_ERROR;
				CLANG_WARN_DOCUMENTATION_COMMENTS = YES;
				CLANG_WARN_EMPTY_BODY = YES;
				CLANG_WARN_ENUM_CONVERSION = YES;
				CLANG_WARN_INFINITE_RECURSION = YES;
				CLANG_WARN_INT_CONVERSION = YES;
				CLANG_WARN_NON_LITERAL_NULL_CONVERSION = YES;
				CLANG_WARN_OBJC_IMPLICIT_RETAIN_SELF = YES;
				CLANG_WARN_OBJC_LITERAL_CONVERSION = YES;
				CLANG_WARN_OBJC_ROOT_CLASS = YES_ERROR;
				CLANG_WARN_QUOTED_INCLUDE_IN_FRAMEWORK_HEADER = YES;
				CLANG_WARN_RANGE_LOOP_ANALYSIS = YES;
				CLANG_WARN_STRICT_PROTOTYPES = YES;
				CLANG_WARN_SUSPICIOUS_MOVE = YES;
				CLANG_WARN_UNGUARDED_AVAILABILITY = YES_AGGRESSIVE;
				CLANG_WARN_UNREACHABLE_CODE = YES;
				CLANG_WARN__DUPLICATE_METHOD_MATCH = YES;
				COPY_PHASE_STRIP = NO;
				DEBUG_INFORMATION_FORMAT = dwarf;
				ENABLE_STRICT_OBJC_MSGSEND = YES;
				ENABLE_TESTABILITY = YES;
				GCC_C_LANGUAGE_STANDARD = gnu11;
				GCC_DYNAMIC_NO_PIC = NO;
				GCC_NO_COMMON_BLOCKS = YES;
				GCC_OPTIMIZATION_LEVEL = 0;
				GCC_PREPROCESSOR_DEFINITIONS = (
					"DEBUG=1",
					"$(inherited)",
				);
				GCC_WARN_64_TO_32_BIT_CONVERSION = YES;
				GCC_WARN_ABOUT_RETURN_TYPE = YES_ERROR;
				GCC_WARN_UNDECLARED_SELECTOR = YES;
				GCC_WARN_UNINITIALIZED_AUTOS = YES_AGGRESSIVE;
				GCC_WARN_UNUSED_FUNCTION = YES;
				GCC_WARN_UNUSED_VARIABLE = YES;
				MACOSX_DEPLOYMENT_TARGET = 11.0;
				MTL_ENABLE_DEBUG_INFO = INCLUDE_SOURCE;
				MTL_FAST_MATH = YES;
				ONLY_ACTIVE_ARCH = YES;
				SDKROOT = macosx;
				SWIFT_ACTIVE_COMPILATION_CONDITIONS = DEBUG;
				SWIFT_OPTIMIZATION_LEVEL = "-Onone";
			};
			name = Debug;
		};
		C636436B2670E1B900301DC8 /* Release */ = {
			isa = XCBuildConfiguration;
			buildSettings = {
				ALWAYS_SEARCH_USER_PATHS = NO;
				CLANG_ANALYZER_NONNULL = YES;
				CLANG_ANALYZER_NUMBER_OBJECT_CONVERSION = YES_AGGRESSIVE;
				CLANG_CXX_LANGUAGE_STANDARD = "gnu++14";
				CLANG_CXX_LIBRARY = "libc++";
				CLANG_ENABLE_MODULES = YES;
				CLANG_ENABLE_OBJC_ARC = YES;
				CLANG_ENABLE_OBJC_WEAK = YES;
				CLANG_WARN_BLOCK_CAPTURE_AUTORELEASING = YES;
				CLANG_WARN_BOOL_CONVERSION = YES;
				CLANG_WARN_COMMA = YES;
				CLANG_WARN_CONSTANT_CONVERSION = YES;
				CLANG_WARN_DEPRECATED_OBJC_IMPLEMENTATIONS = YES;
				CLANG_WARN_DIRECT_OBJC_ISA_USAGE = YES_ERROR;
				CLANG_WARN_DOCUMENTATION_COMMENTS = YES;
				CLANG_WARN_EMPTY_BODY = YES;
				CLANG_WARN_ENUM_CONVERSION = YES;
				CLANG_WARN_INFINITE_RECURSION = YES;
				CLANG_WARN_INT_CONVERSION = YES;
				CLANG_WARN_NON_LITERAL_NULL_CONVERSION = YES;
				CLANG_WARN_OBJC_IMPLICIT_RETAIN_SELF = YES;
				CLANG_WARN_OBJC_LITERAL_CONVERSION = YES;
				CLANG_WARN_OBJC_ROOT_CLASS = YES_ERROR;
				CLANG_WARN_QUOTED_INCLUDE_IN_FRAMEWORK_HEADER = YES;
				CLANG_WARN_RANGE_LOOP_ANALYSIS = YES;
				CLANG_WARN_STRICT_PROTOTYPES = YES;
				CLANG_WARN_SUSPICIOUS_MOVE = YES;
				CLANG_WARN_UNGUARDED_AVAILABILITY = YES_AGGRESSIVE;
				CLANG_WARN_UNREACHABLE_CODE = YES;
				CLANG_WARN__DUPLICATE_METHOD_MATCH = YES;
				COPY_PHASE_STRIP = NO;
				DEBUG_INFORMATION_FORMAT = "dwarf-with-dsym";
				ENABLE_NS_ASSERTIONS = NO;
				ENABLE_STRICT_OBJC_MSGSEND = YES;
				GCC_C_LANGUAGE_STANDARD = gnu11;
				GCC_NO_COMMON_BLOCKS = YES;
				GCC_WARN_64_TO_32_BIT_CONVERSION = YES;
				GCC_WARN_ABOUT_RETURN_TYPE = YES_ERROR;
				GCC_WARN_UNDECLARED_SELECTOR = YES;
				GCC_WARN_UNINITIALIZED_AUTOS = YES_AGGRESSIVE;
				GCC_WARN_UNUSED_FUNCTION = YES;
				GCC_WARN_UNUSED_VARIABLE = YES;
				MACOSX_DEPLOYMENT_TARGET = 11.0;
				MTL_ENABLE_DEBUG_INFO = NO;
				MTL_FAST_MATH = YES;
				SDKROOT = macosx;
				SWIFT_COMPILATION_MODE = wholemodule;
				SWIFT_OPTIMIZATION_LEVEL = "-O";
			};
			name = Release;
		};
		C636436D2670E1B900301DC8 /* Debug */ = {
			isa = XCBuildConfiguration;
			buildSettings = {
				ASSETCATALOG_COMPILER_APPICON_NAME = AppIcon;
				ASSETCATALOG_COMPILER_GLOBAL_ACCENT_COLOR_NAME = AccentColor;
				ASSETCATALOG_COMPILER_INCLUDE_ALL_APPICON_ASSETS = YES;
				CODE_SIGN_ENTITLEMENTS = FetchInstallerPkg/FetchInstallerPkg.entitlements;
				CODE_SIGN_IDENTITY = "Apple Development";
				"CODE_SIGN_IDENTITY[sdk=macosx*]" = "Apple Development";
				CODE_SIGN_STYLE = Automatic;
				COMBINE_HIDPI_IMAGES = YES;
				CURRENT_PROJECT_VERSION = 46;
				DEVELOPMENT_ASSET_PATHS = "\"FetchInstallerPkg/Preview Content\"";
				DEVELOPMENT_TEAM = ER43ZD2S4U;
				ENABLE_APP_SANDBOX = YES;
				ENABLE_HARDENED_RUNTIME = YES;
				ENABLE_PREVIEWS = YES;
				ENABLE_USER_SELECTED_FILES = readonly;
				GENERATE_INFOPLIST_FILE = YES;
				INFOPLIST_FILE = "Download-Full-Installer-Info.plist";
				INFOPLIST_KEY_CFBundleExecutable = "Download Full Installer";
				INFOPLIST_KEY_CFBundleName = "Download Full Installer";
				INFOPLIST_KEY_CFBundleVersion = 17;
				INFOPLIST_KEY_NSHumanReadableCopyright = "©2021 Scripting OS X - Armin Briegel";
				LD_RUNPATH_SEARCH_PATHS = (
					"$(inherited)",
					"@executable_path/../Frameworks",
				);
				MACOSX_DEPLOYMENT_TARGET = 11.0;
				MARKETING_VERSION = 1.1;
				PRODUCT_BUNDLE_IDENTIFIER = com.scriptingosx.downloadfullinstaller;
				PRODUCT_NAME = "$(TARGET_NAME)";
				SWIFT_EMIT_LOC_STRINGS = YES;
				SWIFT_VERSION = 5.0;
			};
			name = Debug;
		};
		C636436E2670E1B900301DC8 /* Release */ = {
			isa = XCBuildConfiguration;
			buildSettings = {
				ASSETCATALOG_COMPILER_APPICON_NAME = AppIcon;
				ASSETCATALOG_COMPILER_GLOBAL_ACCENT_COLOR_NAME = AccentColor;
				ASSETCATALOG_COMPILER_INCLUDE_ALL_APPICON_ASSETS = YES;
				CODE_SIGN_ENTITLEMENTS = FetchInstallerPkg/FetchInstallerPkg.entitlements;
				CODE_SIGN_IDENTITY = "Apple Development";
				"CODE_SIGN_IDENTITY[sdk=macosx*]" = "Apple Development";
				CODE_SIGN_STYLE = Automatic;
				COMBINE_HIDPI_IMAGES = YES;
				CURRENT_PROJECT_VERSION = 46;
				DEVELOPMENT_ASSET_PATHS = "\"FetchInstallerPkg/Preview Content\"";
				DEVELOPMENT_TEAM = ER43ZD2S4U;
				ENABLE_APP_SANDBOX = YES;
				ENABLE_HARDENED_RUNTIME = YES;
				ENABLE_PREVIEWS = YES;
				ENABLE_USER_SELECTED_FILES = readonly;
				GENERATE_INFOPLIST_FILE = YES;
				INFOPLIST_FILE = "Download-Full-Installer-Info.plist";
				INFOPLIST_KEY_CFBundleExecutable = "Download Full Installer";
				INFOPLIST_KEY_CFBundleName = "Download Full Installer";
				INFOPLIST_KEY_CFBundleVersion = 17;
				INFOPLIST_KEY_NSHumanReadableCopyright = "©2021 Scripting OS X - Armin Briegel";
				LD_RUNPATH_SEARCH_PATHS = (
					"$(inherited)",
					"@executable_path/../Frameworks",
				);
				MACOSX_DEPLOYMENT_TARGET = 11.0;
				MARKETING_VERSION = 1.1;
				PRODUCT_BUNDLE_IDENTIFIER = com.scriptingosx.downloadfullinstaller;
				PRODUCT_NAME = "$(TARGET_NAME)";
				SWIFT_EMIT_LOC_STRINGS = YES;
				SWIFT_VERSION = 5.0;
			};
			name = Release;
		};
/* End XCBuildConfiguration section */

/* Begin XCConfigurationList section */
		C63643592670E1B800301DC8 /* Build configuration list for PBXProject "FetchInstallerPkg" */ = {
			isa = XCConfigurationList;
			buildConfigurations = (
				C636436A2670E1B900301DC8 /* Debug */,
				C636436B2670E1B900301DC8 /* Release */,
			);
			defaultConfigurationIsVisible = 0;
			defaultConfigurationName = Release;
		};
		C636436C2670E1B900301DC8 /* Build configuration list for PBXNativeTarget "Download Full Installer" */ = {
			isa = XCConfigurationList;
			buildConfigurations = (
				C636436D2670E1B900301DC8 /* Debug */,
				C636436E2670E1B900301DC8 /* Release */,
			);
			defaultConfigurationIsVisible = 0;
			defaultConfigurationName = Release;
		};
/* End XCConfigurationList section */
	};
	rootObject = C63643562670E1B800301DC8 /* Project object */;
}
